
Microsoft Visual Studio Solution File, Format Version 11.00
# Visual Studio 2010
Project("{FAE04EC0-301F-11D3-BF4B-00C04F79EFBC}") = "Graph-Visualization-Unity", "Assembly-CSharp.csproj", "{CFE5818F-8265-73D6-5205-39890B974941}"
EndProject
Project("{FAE04EC0-301F-11D3-BF4B-00C04F79EFBC}") = "Graph-Visualization-Unity", "Assembly-CSharp-Editor.csproj", "{94B7C2DA-5BC6-2506-751C-8B99DE44E978}"
EndProject
Global
	GlobalSection(SolutionConfigurationPlatforms) = preSolution
		Debug|Any CPU = Debug|Any CPU
		Release|Any CPU = Release|Any CPU
	EndGlobalSection
	GlobalSection(ProjectConfigurationPlatforms) = postSolution
		{CFE5818F-8265-73D6-5205-39890B974941}.Debug|Any CPU.ActiveCfg = Debug|Any CPU
		{CFE5818F-8265-73D6-5205-39890B974941}.Debug|Any CPU.Build.0 = Debug|Any CPU
		{CFE5818F-8265-73D6-5205-39890B974941}.Release|Any CPU.ActiveCfg = Release|Any CPU
		{CFE5818F-8265-73D6-5205-39890B974941}.Release|Any CPU.Build.0 = Release|Any CPU
		{94B7C2DA-5BC6-2506-751C-8B99DE44E978}.Debug|Any CPU.ActiveCfg = Debug|Any CPU
		{94B7C2DA-5BC6-2506-751C-8B99DE44E978}.Debug|Any CPU.Build.0 = Debug|Any CPU
		{94B7C2DA-5BC6-2506-751C-8B99DE44E978}.Release|Any CPU.ActiveCfg = Release|Any CPU
		{94B7C2DA-5BC6-2506-751C-8B99DE44E978}.Release|Any CPU.Build.0 = Release|Any CPU
	EndGlobalSection
	GlobalSection(SolutionProperties) = preSolution
		HideSolutionNode = FALSE
	EndGlobalSection
	GlobalSection(MonoDevelopProperties) = preSolution
		StartupItem = Assembly-CSharp.csproj
	EndGlobalSection
EndGlobal
